
Microsoft Visual Studio Solution File, Format Version 12.00
# Visual Studio Version 16
VisualStudioVersion = 16.0.31624.102
MinimumVisualStudioVersion = 10.0.40219.1
Project("{FAE04EC0-301F-11D3-BF4B-00C04F79EFBC}") = "StudentApplication", "StudentApplication.csproj", "{2F8324D1-3A18-46D5-AFA5-C872554FF8D5}"
EndProject
Global
	GlobalSection(SolutionConfigurationPlatforms) = preSolution
		Debug|Any CPU = Debug|Any CPU
		Release|Any CPU = Release|Any CPU
	EndGlobalSection
	GlobalSection(ProjectConfigurationPlatforms) = postSolution
		{2F8324D1-3A18-46D5-AFA5-C872554FF8D5}.Debug|Any CPU.ActiveCfg = Debug|Any CPU
		{2F8324D1-3A18-46D5-AFA5-C872554FF8D5}.Debug|Any CPU.Build.0 = Debug|Any CPU
		{2F8324D1-3A18-46D5-AFA5-C872554FF8D5}.Release|Any CPU.ActiveCfg = Release|Any CPU
		{2F8324D1-3A18-46D5-AFA5-C872554FF8D5}.Release|Any CPU.Build.0 = Release|Any CPU
	EndGlobalSection
	GlobalSection(SolutionProperties) = preSolution
		HideSolutionNode = FALSE
	EndGlobalSection
	GlobalSection(ExtensibilityGlobals) = postSolution
		SolutionGuid = {610D37DD-35C7-48D6-AF55-3D1040B76070}
	EndGlobalSection
EndGlobal
